// !$*UTF8*$!
{
	archiveVersion = 1;
	classes = {
	};
	objectVersion = 56;
	objects = {

/* Begin PBXBuildFile section */
		533A90D12A3615AF0018A446 /* StoryView.swift in Sources */ = {isa = PBXBuildFile; fileRef = 533A90D02A3615AF0018A446 /* StoryView.swift */; };
		533A90D52A3622AB0018A446 /* HomeView.swift in Sources */ = {isa = PBXBuildFile; fileRef = 533A90D42A3622AB0018A446 /* HomeView.swift */; };
		53407C892A3858210027E045 /* InventoryView.swift in Sources */ = {isa = PBXBuildFile; fileRef = 53407C882A3858210027E045 /* InventoryView.swift */; };
		53407C8C2A38598C0027E045 /* InventoryData.swift in Sources */ = {isa = PBXBuildFile; fileRef = 53407C8B2A38598C0027E045 /* InventoryData.swift */; };
		534742772A3605B7001D891C /* TexAdventureApp.swift in Sources */ = {isa = PBXBuildFile; fileRef = 534742762A3605B7001D891C /* TexAdventureApp.swift */; };
		5347427B2A3605B9001D891C /* Assets.xcassets in Resources */ = {isa = PBXBuildFile; fileRef = 5347427A2A3605B9001D891C /* Assets.xcassets */; };
		5347427E2A3605B9001D891C /* Preview Assets.xcassets in Resources */ = {isa = PBXBuildFile; fileRef = 5347427D2A3605B9001D891C /* Preview Assets.xcassets */; };
		534742852A3606AE001D891C /* StoryPageView.swift in Sources */ = {isa = PBXBuildFile; fileRef = 534742842A3606AE001D891C /* StoryPageView.swift */; };
		534742872A360C41001D891C /* StoryData.swift in Sources */ = {isa = PBXBuildFile; fileRef = 534742862A360C41001D891C /* StoryData.swift */; };
		534742892A360DB9001D891C /* Models.swift in Sources */ = {isa = PBXBuildFile; fileRef = 534742882A360DB9001D891C /* Models.swift */; };
		534C1CA82A37024B009708B4 /* Hearts.swift in Sources */ = {isa = PBXBuildFile; fileRef = 534C1CA72A37024B009708B4 /* Hearts.swift */; };
		5350D5372A518FA60014C638 /* FightView.swift in Sources */ = {isa = PBXBuildFile; fileRef = 5350D5362A518FA60014C638 /* FightView.swift */; };
		5373EF0B2A39094900142592 /* Character.swift in Sources */ = {isa = PBXBuildFile; fileRef = 5373EF0A2A39094900142592 /* Character.swift */; };
		5385ACED2A64158500CACDC9 /* Enemys.swift in Sources */ = {isa = PBXBuildFile; fileRef = 5385ACEC2A64158500CACDC9 /* Enemys.swift */; };
		53BF91BE2A60593A0092CB84 /* GameView.swift in Sources */ = {isa = PBXBuildFile; fileRef = 53BF91BD2A60593A0092CB84 /* GameView.swift */; };
		53E276082A6BBC9100B5D850 /* HealthBar.swift in Sources */ = {isa = PBXBuildFile; fileRef = 53E276072A6BBC9100B5D850 /* HealthBar.swift */; };
		53EC090D2A6063EB00B30655 /* FightSystem.swift in Sources */ = {isa = PBXBuildFile; fileRef = 53EC090C2A6063EB00B30655 /* FightSystem.swift */; };
/* End PBXBuildFile section */

/* Begin PBXFileReference section */
		533A90D02A3615AF0018A446 /* StoryView.swift */ = {isa = PBXFileReference; lastKnownFileType = sourcecode.swift; path = StoryView.swift; sourceTree = "<group>"; };
		533A90D42A3622AB0018A446 /* HomeView.swift */ = {isa = PBXFileReference; lastKnownFileType = sourcecode.swift; path = HomeView.swift; sourceTree = "<group>"; };
		53407C882A3858210027E045 /* InventoryView.swift */ = {isa = PBXFileReference; lastKnownFileType = sourcecode.swift; path = InventoryView.swift; sourceTree = "<group>"; };
		53407C8B2A38598C0027E045 /* InventoryData.swift */ = {isa = PBXFileReference; lastKnownFileType = sourcecode.swift; path = InventoryData.swift; sourceTree = "<group>"; };
		534742732A3605B7001D891C /* TextAdventure.app */ = {isa = PBXFileReference; explicitFileType = wrapper.application; includeInIndex = 0; path = TextAdventure.app; sourceTree = BUILT_PRODUCTS_DIR; };
		534742762A3605B7001D891C /* TexAdventureApp.swift */ = {isa = PBXFileReference; lastKnownFileType = sourcecode.swift; path = TexAdventureApp.swift; sourceTree = "<group>"; };
		5347427A2A3605B9001D891C /* Assets.xcassets */ = {isa = PBXFileReference; lastKnownFileType = folder.assetcatalog; path = Assets.xcassets; sourceTree = "<group>"; };
		5347427D2A3605B9001D891C /* Preview Assets.xcassets */ = {isa = PBXFileReference; lastKnownFileType = folder.assetcatalog; path = "Preview Assets.xcassets"; sourceTree = "<group>"; };
		534742842A3606AE001D891C /* StoryPageView.swift */ = {isa = PBXFileReference; lastKnownFileType = sourcecode.swift; path = StoryPageView.swift; sourceTree = "<group>"; };
		534742862A360C41001D891C /* StoryData.swift */ = {isa = PBXFileReference; lastKnownFileType = sourcecode.swift; path = StoryData.swift; sourceTree = "<group>"; };
		534742882A360DB9001D891C /* Models.swift */ = {isa = PBXFileReference; lastKnownFileType = sourcecode.swift; path = Models.swift; sourceTree = "<group>"; };
		534C1CA72A37024B009708B4 /* Hearts.swift */ = {isa = PBXFileReference; lastKnownFileType = sourcecode.swift; path = Hearts.swift; sourceTree = "<group>"; };
		5350D5362A518FA60014C638 /* FightView.swift */ = {isa = PBXFileReference; lastKnownFileType = sourcecode.swift; path = FightView.swift; sourceTree = "<group>"; };
		5373EF0A2A39094900142592 /* Character.swift */ = {isa = PBXFileReference; lastKnownFileType = sourcecode.swift; path = Character.swift; sourceTree = "<group>"; };
		5385ACEC2A64158500CACDC9 /* Enemys.swift */ = {isa = PBXFileReference; lastKnownFileType = sourcecode.swift; name = Enemys.swift; path = "../../../../../com~apple~Pages/Documents/Enemys.swift"; sourceTree = "<group>"; };
		53BF91BD2A60593A0092CB84 /* GameView.swift */ = {isa = PBXFileReference; lastKnownFileType = sourcecode.swift; path = GameView.swift; sourceTree = "<group>"; };
		53E276072A6BBC9100B5D850 /* HealthBar.swift */ = {isa = PBXFileReference; lastKnownFileType = sourcecode.swift; path = HealthBar.swift; sourceTree = "<group>"; };
		53EC090C2A6063EB00B30655 /* FightSystem.swift */ = {isa = PBXFileReference; lastKnownFileType = sourcecode.swift; path = FightSystem.swift; sourceTree = "<group>"; };
/* End PBXFileReference section */

/* Begin PBXFrameworksBuildPhase section */
		534742702A3605B7001D891C /* Frameworks */ = {
			isa = PBXFrameworksBuildPhase;
			buildActionMask = 2147483647;
			files = (
			);
			runOnlyForDeploymentPostprocessing = 0;
		};
/* End PBXFrameworksBuildPhase section */

/* Begin PBXGroup section */
		53271EF02A488CF40015CA6C /* Views */ = {
			isa = PBXGroup;
			children = (
				534742842A3606AE001D891C /* StoryPageView.swift */,
				533A90D42A3622AB0018A446 /* HomeView.swift */,
				53407C882A3858210027E045 /* InventoryView.swift */,
				533A90D02A3615AF0018A446 /* StoryView.swift */,
				5350D5362A518FA60014C638 /* FightView.swift */,
				53BF91BD2A60593A0092CB84 /* GameView.swift */,
			);
			path = Views;
			sourceTree = "<group>";
		};
		53407C8A2A38597D0027E045 /* Data */ = {
			isa = PBXGroup;
			children = (
				534742862A360C41001D891C /* StoryData.swift */,
				53407C8B2A38598C0027E045 /* InventoryData.swift */,
			);
			path = Data;
			sourceTree = "<group>";
		};
		5347426A2A3605B7001D891C = {
			isa = PBXGroup;
			children = (
				534742752A3605B7001D891C /* TextAdventure */,
				534742742A3605B7001D891C /* Products */,
			);
			sourceTree = "<group>";
		};
		534742742A3605B7001D891C /* Products */ = {
			isa = PBXGroup;
			children = (
				534742732A3605B7001D891C /* TextAdventure.app */,
			);
			name = Products;
			sourceTree = "<group>";
		};
		534742752A3605B7001D891C /* TextAdventure */ = {
			isa = PBXGroup;
			children = (
				534742762A3605B7001D891C /* TexAdventureApp.swift */,
				53E276092A6BBC9600B5D850 /* SubViews */,
				53271EF02A488CF40015CA6C /* Views */,
				53407C8A2A38597D0027E045 /* Data */,
				53EC09092A60639C00B30655 /* Models */,
				5347427A2A3605B9001D891C /* Assets.xcassets */,
				5347427C2A3605B9001D891C /* Preview Content */,
			);
			path = TextAdventure;
			sourceTree = "<group>";
		};
		5347427C2A3605B9001D891C /* Preview Content */ = {
			isa = PBXGroup;
			children = (
				5347427D2A3605B9001D891C /* Preview Assets.xcassets */,
			);
			path = "Preview Content";
			sourceTree = "<group>";
		};
		53E276092A6BBC9600B5D850 /* SubViews */ = {
			isa = PBXGroup;
			children = (
				53E276072A6BBC9100B5D850 /* HealthBar.swift */,
				534C1CA72A37024B009708B4 /* Hearts.swift */,
			);
			path = SubViews;
			sourceTree = "<group>";
		};
		53EC09092A60639C00B30655 /* Models */ = {
			isa = PBXGroup;
			children = (
				534742882A360DB9001D891C /* Models.swift */,
				5373EF0A2A39094900142592 /* Character.swift */,
				53EC090C2A6063EB00B30655 /* FightSystem.swift */,
				5385ACEC2A64158500CACDC9 /* Enemys.swift */,
			);
			path = Models;
			sourceTree = "<group>";
		};
/* End PBXGroup section */

/* Begin PBXNativeTarget section */
		534742722A3605B7001D891C /* TextAdventure */ = {
			isa = PBXNativeTarget;
			buildConfigurationList = 534742812A3605B9001D891C /* Build configuration list for PBXNativeTarget "TextAdventure" */;
			buildPhases = (
				5347426F2A3605B7001D891C /* Sources */,
				534742702A3605B7001D891C /* Frameworks */,
				534742712A3605B7001D891C /* Resources */,
			);
			buildRules = (
			);
			dependencies = (
			);
			name = TextAdventure;
			productName = TexAdventure;
			productReference = 534742732A3605B7001D891C /* TextAdventure.app */;
			productType = "com.apple.product-type.application";
		};
/* End PBXNativeTarget section */

/* Begin PBXProject section */
		5347426B2A3605B7001D891C /* Project object */ = {
			isa = PBXProject;
			attributes = {
				BuildIndependentTargetsInParallel = 1;
				LastSwiftUpdateCheck = 1430;
				LastUpgradeCheck = 1430;
				TargetAttributes = {
					534742722A3605B7001D891C = {
						CreatedOnToolsVersion = 14.3.1;
					};
				};
			};
			buildConfigurationList = 5347426E2A3605B7001D891C /* Build configuration list for PBXProject "TextAdventure" */;
			compatibilityVersion = "Xcode 14.0";
			developmentRegion = en;
			hasScannedForEncodings = 0;
			knownRegions = (
				en,
				Base,
			);
			mainGroup = 5347426A2A3605B7001D891C;
			productRefGroup = 534742742A3605B7001D891C /* Products */;
			projectDirPath = "";
			projectRoot = "";
			targets = (
				534742722A3605B7001D891C /* TextAdventure */,
			);
		};
/* End PBXProject section */

/* Begin PBXResourcesBuildPhase section */
		534742712A3605B7001D891C /* Resources */ = {
			isa = PBXResourcesBuildPhase;
			buildActionMask = 2147483647;
			files = (
				5347427E2A3605B9001D891C /* Preview Assets.xcassets in Resources */,
				5347427B2A3605B9001D891C /* Assets.xcassets in Resources */,
			);
			runOnlyForDeploymentPostprocessing = 0;
		};
/* End PBXResourcesBuildPhase section */

/* Begin PBXSourcesBuildPhase section */
		5347426F2A3605B7001D891C /* Sources */ = {
			isa = PBXSourcesBuildPhase;
			buildActionMask = 2147483647;
			files = (
				533A90D12A3615AF0018A446 /* StoryView.swift in Sources */,
				53E276082A6BBC9100B5D850 /* HealthBar.swift in Sources */,
				534742852A3606AE001D891C /* StoryPageView.swift in Sources */,
				5373EF0B2A39094900142592 /* Character.swift in Sources */,
				5350D5372A518FA60014C638 /* FightView.swift in Sources */,
				534742772A3605B7001D891C /* TexAdventureApp.swift in Sources */,
				533A90D52A3622AB0018A446 /* HomeView.swift in Sources */,
				534C1CA82A37024B009708B4 /* Hearts.swift in Sources */,
				5385ACED2A64158500CACDC9 /* Enemys.swift in Sources */,
				53407C8C2A38598C0027E045 /* InventoryData.swift in Sources */,
				534742872A360C41001D891C /* StoryData.swift in Sources */,
				53EC090D2A6063EB00B30655 /* FightSystem.swift in Sources */,
				534742892A360DB9001D891C /* Models.swift in Sources */,
				53BF91BE2A60593A0092CB84 /* GameView.swift in Sources */,
				53407C892A3858210027E045 /* InventoryView.swift in Sources */,
			);
			runOnlyForDeploymentPostprocessing = 0;
		};
/* End PBXSourcesBuildPhase section */

/* Begin XCBuildConfiguration section */
		5347427F2A3605B9001D891C /* Debug */ = {
			isa = XCBuildConfiguration;
			buildSettings = {
				ALWAYS_SEARCH_USER_PATHS = NO;
				CLANG_ANALYZER_NONNULL = YES;
				CLANG_ANALYZER_NUMBER_OBJECT_CONVERSION = YES_AGGRESSIVE;
				CLANG_CXX_LANGUAGE_STANDARD = "gnu++20";
				CLANG_ENABLE_MODULES = YES;
				CLANG_ENABLE_OBJC_ARC = YES;
				CLANG_ENABLE_OBJC_WEAK = YES;
				CLANG_WARN_BLOCK_CAPTURE_AUTORELEASING = YES;
				CLANG_WARN_BOOL_CONVERSION = YES;
				CLANG_WARN_COMMA = YES;
				CLANG_WARN_CONSTANT_CONVERSION = YES;
				CLANG_WARN_DEPRECATED_OBJC_IMPLEMENTATIONS = YES;
				CLANG_WARN_DIRECT_OBJC_ISA_USAGE = YES_ERROR;
				CLANG_WARN_DOCUMENTATION_COMMENTS = YES;
				CLANG_WARN_EMPTY_BODY = YES;
				CLANG_WARN_ENUM_CONVERSION = YES;
				CLANG_WARN_INFINITE_RECURSION = YES;
				CLANG_WARN_INT_CONVERSION = YES;
				CLANG_WARN_NON_LITERAL_NULL_CONVERSION = YES;
				CLANG_WARN_OBJC_IMPLICIT_RETAIN_SELF = YES;
				CLANG_WARN_OBJC_LITERAL_CONVERSION = YES;
				CLANG_WARN_OBJC_ROOT_CLASS = YES_ERROR;
				CLANG_WARN_QUOTED_INCLUDE_IN_FRAMEWORK_HEADER = YES;
				CLANG_WARN_RANGE_LOOP_ANALYSIS = YES;
				CLANG_WARN_STRICT_PROTOTYPES = YES;
				CLANG_WARN_SUSPICIOUS_MOVE = YES;
				CLANG_WARN_UNGUARDED_AVAILABILITY = YES_AGGRESSIVE;
				CLANG_WARN_UNREACHABLE_CODE = YES;
				CLANG_WARN__DUPLICATE_METHOD_MATCH = YES;
				COPY_PHASE_STRIP = NO;
				DEBUG_INFORMATION_FORMAT = dwarf;
				ENABLE_STRICT_OBJC_MSGSEND = YES;
				ENABLE_TESTABILITY = YES;
				GCC_C_LANGUAGE_STANDARD = gnu11;
				GCC_DYNAMIC_NO_PIC = NO;
				GCC_NO_COMMON_BLOCKS = YES;
				GCC_OPTIMIZATION_LEVEL = 0;
				GCC_PREPROCESSOR_DEFINITIONS = (
					"DEBUG=1",
					"$(inherited)",
				);
				GCC_WARN_64_TO_32_BIT_CONVERSION = YES;
				GCC_WARN_ABOUT_RETURN_TYPE = YES_ERROR;
				GCC_WARN_UNDECLARED_SELECTOR = YES;
				GCC_WARN_UNINITIALIZED_AUTOS = YES_AGGRESSIVE;
				GCC_WARN_UNUSED_FUNCTION = YES;
				GCC_WARN_UNUSED_VARIABLE = YES;
				IPHONEOS_DEPLOYMENT_TARGET = 16.4;
				MTL_ENABLE_DEBUG_INFO = INCLUDE_SOURCE;
				MTL_FAST_MATH = YES;
				ONLY_ACTIVE_ARCH = YES;
				SDKROOT = iphoneos;
				SWIFT_ACTIVE_COMPILATION_CONDITIONS = DEBUG;
				SWIFT_OPTIMIZATION_LEVEL = "-Onone";
			};
			name = Debug;
		};
		534742802A3605B9001D891C /* Release */ = {
			isa = XCBuildConfiguration;
			buildSettings = {
				ALWAYS_SEARCH_USER_PATHS = NO;
				CLANG_ANALYZER_NONNULL = YES;
				CLANG_ANALYZER_NUMBER_OBJECT_CONVERSION = YES_AGGRESSIVE;
				CLANG_CXX_LANGUAGE_STANDARD = "gnu++20";
				CLANG_ENABLE_MODULES = YES;
				CLANG_ENABLE_OBJC_ARC = YES;
				CLANG_ENABLE_OBJC_WEAK = YES;
				CLANG_WARN_BLOCK_CAPTURE_AUTORELEASING = YES;
				CLANG_WARN_BOOL_CONVERSION = YES;
				CLANG_WARN_COMMA = YES;
				CLANG_WARN_CONSTANT_CONVERSION = YES;
				CLANG_WARN_DEPRECATED_OBJC_IMPLEMENTATIONS = YES;
				CLANG_WARN_DIRECT_OBJC_ISA_USAGE = YES_ERROR;
				CLANG_WARN_DOCUMENTATION_COMMENTS = YES;
				CLANG_WARN_EMPTY_BODY = YES;
				CLANG_WARN_ENUM_CONVERSION = YES;
				CLANG_WARN_INFINITE_RECURSION = YES;
				CLANG_WARN_INT_CONVERSION = YES;
				CLANG_WARN_NON_LITERAL_NULL_CONVERSION = YES;
				CLANG_WARN_OBJC_IMPLICIT_RETAIN_SELF = YES;
				CLANG_WARN_OBJC_LITERAL_CONVERSION = YES;
				CLANG_WARN_OBJC_ROOT_CLASS = YES_ERROR;
				CLANG_WARN_QUOTED_INCLUDE_IN_FRAMEWORK_HEADER = YES;
				CLANG_WARN_RANGE_LOOP_ANALYSIS = YES;
				CLANG_WARN_STRICT_PROTOTYPES = YES;
				CLANG_WARN_SUSPICIOUS_MOVE = YES;
				CLANG_WARN_UNGUARDED_AVAILABILITY = YES_AGGRESSIVE;
				CLANG_WARN_UNREACHABLE_CODE = YES;
				CLANG_WARN__DUPLICATE_METHOD_MATCH = YES;
				COPY_PHASE_STRIP = NO;
				DEBUG_INFORMATION_FORMAT = "dwarf-with-dsym";
				ENABLE_NS_ASSERTIONS = NO;
				ENABLE_STRICT_OBJC_MSGSEND = YES;
				GCC_C_LANGUAGE_STANDARD = gnu11;
				GCC_NO_COMMON_BLOCKS = YES;
				GCC_WARN_64_TO_32_BIT_CONVERSION = YES;
				GCC_WARN_ABOUT_RETURN_TYPE = YES_ERROR;
				GCC_WARN_UNDECLARED_SELECTOR = YES;
				GCC_WARN_UNINITIALIZED_AUTOS = YES_AGGRESSIVE;
				GCC_WARN_UNUSED_FUNCTION = YES;
				GCC_WARN_UNUSED_VARIABLE = YES;
				IPHONEOS_DEPLOYMENT_TARGET = 16.4;
				MTL_ENABLE_DEBUG_INFO = NO;
				MTL_FAST_MATH = YES;
				SDKROOT = iphoneos;
				SWIFT_COMPILATION_MODE = wholemodule;
				SWIFT_OPTIMIZATION_LEVEL = "-O";
				VALIDATE_PRODUCT = YES;
			};
			name = Release;
		};
		534742822A3605B9001D891C /* Debug */ = {
			isa = XCBuildConfiguration;
			buildSettings = {
				ASSETCATALOG_COMPILER_APPICON_NAME = AppIcon;
				ASSETCATALOG_COMPILER_GLOBAL_ACCENT_COLOR_NAME = AccentColor;
				ASSETCATALOG_COMPILER_INCLUDE_ALL_APPICON_ASSETS = NO;
				CODE_SIGN_STYLE = Automatic;
				CURRENT_PROJECT_VERSION = 3;
				DEVELOPMENT_ASSET_PATHS = "\"TextAdventure/Preview Content\"";
				DEVELOPMENT_TEAM = M3PPT883FZ;
				ENABLE_PREVIEWS = YES;
				GENERATE_INFOPLIST_FILE = YES;
				INFOPLIST_KEY_CFBundleDisplayName = LukasMaile;
				INFOPLIST_KEY_LSApplicationCategoryType = "public.app-category.word-games";
				INFOPLIST_KEY_UIApplicationSceneManifest_Generation = YES;
				INFOPLIST_KEY_UIApplicationSupportsIndirectInputEvents = YES;
				INFOPLIST_KEY_UILaunchScreen_Generation = YES;
				INFOPLIST_KEY_UIStatusBarStyle = "";
				INFOPLIST_KEY_UISupportedInterfaceOrientations = UIInterfaceOrientationPortrait;
				INFOPLIST_KEY_UISupportedInterfaceOrientations_iPad = "UIInterfaceOrientationLandscapeLeft UIInterfaceOrientationLandscapeRight UIInterfaceOrientationPortrait UIInterfaceOrientationPortraitUpsideDown";
				LD_RUNPATH_SEARCH_PATHS = (
					"$(inherited)",
					"@executable_path/Frameworks",
				);
				MARKETING_VERSION = 1.3;
				PRODUCT_BUNDLE_IDENTIFIER = com.LukasMaile.TexAdventure;
				PRODUCT_NAME = "$(TARGET_NAME)";
				SUPPORTED_PLATFORMS = "iphoneos iphonesimulator";
				SUPPORTS_MACCATALYST = NO;
				SUPPORTS_MAC_DESIGNED_FOR_IPHONE_IPAD = NO;
				SWIFT_EMIT_LOC_STRINGS = YES;
				SWIFT_VERSION = 5.0;
				TARGETED_DEVICE_FAMILY = 1;
			};
			name = Debug;
		};
		534742832A3605B9001D891C /* Release */ = {
			isa = XCBuildConfiguration;
			buildSettings = {
				ASSETCATALOG_COMPILER_APPICON_NAME = AppIcon;
				ASSETCATALOG_COMPILER_GLOBAL_ACCENT_COLOR_NAME = AccentColor;
				ASSETCATALOG_COMPILER_INCLUDE_ALL_APPICON_ASSETS = NO;
				CODE_SIGN_STYLE = Automatic;
				CURRENT_PROJECT_VERSION = 3;
				DEVELOPMENT_ASSET_PATHS = "\"TextAdventure/Preview Content\"";
				DEVELOPMENT_TEAM = M3PPT883FZ;
				ENABLE_PREVIEWS = YES;
				GENERATE_INFOPLIST_FILE = YES;
				INFOPLIST_KEY_CFBundleDisplayName = LukasMaile;
				INFOPLIST_KEY_LSApplicationCategoryType = "public.app-category.word-games";
				INFOPLIST_KEY_UIApplicationSceneManifest_Generation = YES;
				INFOPLIST_KEY_UIApplicationSupportsIndirectInputEvents = YES;
				INFOPLIST_KEY_UILaunchScreen_Generation = YES;
				INFOPLIST_KEY_UIStatusBarStyle = "";
				INFOPLIST_KEY_UISupportedInterfaceOrientations = UIInterfaceOrientationPortrait;
				INFOPLIST_KEY_UISupportedInterfaceOrientations_iPad = "UIInterfaceOrientationLandscapeLeft UIInterfaceOrientationLandscapeRight UIInterfaceOrientationPortrait UIInterfaceOrientationPortraitUpsideDown";
				LD_RUNPATH_SEARCH_PATHS = (
					"$(inherited)",
					"@executable_path/Frameworks",
				);
				MARKETING_VERSION = 1.3;
				PRODUCT_BUNDLE_IDENTIFIER = com.LukasMaile.TexAdventure;
				PRODUCT_NAME = "$(TARGET_NAME)";
				SUPPORTED_PLATFORMS = "iphoneos iphonesimulator";
				SUPPORTS_MACCATALYST = NO;
				SUPPORTS_MAC_DESIGNED_FOR_IPHONE_IPAD = NO;
				SWIFT_EMIT_LOC_STRINGS = YES;
				SWIFT_VERSION = 5.0;
				TARGETED_DEVICE_FAMILY = 1;
			};
			name = Release;
		};
/* End XCBuildConfiguration section */

/* Begin XCConfigurationList section */
		5347426E2A3605B7001D891C /* Build configuration list for PBXProject "TextAdventure" */ = {
			isa = XCConfigurationList;
			buildConfigurations = (
				5347427F2A3605B9001D891C /* Debug */,
				534742802A3605B9001D891C /* Release */,
			);
			defaultConfigurationIsVisible = 0;
			defaultConfigurationName = Release;
		};
		534742812A3605B9001D891C /* Build configuration list for PBXNativeTarget "TextAdventure" */ = {
			isa = XCConfigurationList;
			buildConfigurations = (
				534742822A3605B9001D891C /* Debug */,
				534742832A3605B9001D891C /* Release */,
			);
			defaultConfigurationIsVisible = 0;
			defaultConfigurationName = Release;
		};
/* End XCConfigurationList section */
	};
	rootObject = 5347426B2A3605B7001D891C /* Project object */;
}
